# Code generated by scarb DO NOT EDIT.
version = 1

[[package]]
name = "corelib_imports"
version = "0.1.3"
source = "registry+https://scarbs.xyz/"
checksum = "sha256:1dbf8982484a6a085a143f2352dfbc716261c50c60551eb03bff5f0167260ad9"

[[package]]
name = "garaga"
version = "1.1.0"
source = "registry+https://scarbs.xyz/"
checksum = "sha256:f81d52cba1bcf3458d4bec13b1f917aba38e98adacf69627cd0f64d2defc3ed9"
dependencies = [
 "corelib_imports",
]

[[package]]
name = "snforge_scarb_plugin"
version = "0.63.0"
source = "registry+https://scarbs.xyz/"
checksum = "sha256:05f937b499ddaf534271de8766d8e2a17dd5675776c5a5db3dd769cdfe7be6d2"

[[package]]
name = "snforge_std"
version = "0.63.0"
source = "registry+https://scarbs.xyz/"
checksum = "sha256:8b0efc66fc4275dde83b79bfe5b0ff6b486d16dd559e0e3c9077afb21760c939"
dependencies = [
 "snforge_scarb_plugin",
]

[[package]]
name = "zkpoker_verifier"
version = "0.1.0"
dependencies = [
 "garaga",
 "snforge_std",
]
