# Code generated by scarb DO NOT EDIT.
version = 1

[[package]]
name = "corelib_imports"
version = "0.1.3"
source = "git+https://github.com/keep-starknet-strange/garaga.git?tag=v1.1.0#307c00af4a7f08653123d1ec9a6edae81f288260"

[[package]]
name = "garaga"
version = "1.1.0"
source = "git+https://github.com/keep-starknet-strange/garaga.git?tag=v1.1.0#307c00af4a7f08653123d1ec9a6edae81f288260"
dependencies = [
 "corelib_imports",
]

[[package]]
name = "shuffle_verifier"
version = "0.1.0"
dependencies = [
 "garaga",
 "snforge_std",
]

[[package]]
name = "snforge_scarb_plugin"
version = "0.63.0"
source = "registry+https://scarbs.xyz/"
checksum = "sha256:05f937b499ddaf534271de8766d8e2a17dd5675776c5a5db3dd769cdfe7be6d2"

[[package]]
name = "snforge_std"
version = "0.63.0"
source = "registry+https://scarbs.xyz/"
checksum = "sha256:8b0efc66fc4275dde83b79bfe5b0ff6b486d16dd559e0e3c9077afb21760c939"
dependencies = [
 "snforge_scarb_plugin",
]
